
Microsoft Visual Studio Solution File, Format Version 12.00
# Visual Studio Version 17
VisualStudioVersion = 17.0.31903.59
MinimumVisualStudioVersion = 10.0.40219.1
Project("{2150E333-8FDC-42A3-9474-1A3956D46DE8}") = "src", "src", "{032D0E14-69F4-478C-ABCA-52CC8EFA9783}"
EndProject
Project("{FAE04EC0-301F-11D3-BF4B-00C04F79EFBC}") = "AuctionService", "src\AuctionService\AuctionService.csproj", "{91875F4A-B0CF-4EA3-BB71-76F3E7E0F316}"
EndProject
Project("{FAE04EC0-301F-11D3-BF4B-00C04F79EFBC}") = "SearchService", "src\SearchService\SearchService.csproj", "{6BD88416-8522-4E56-BCC4-32930DBC2BA3}"
EndProject
Project("{FAE04EC0-301F-11D3-BF4B-00C04F79EFBC}") = "Contracts", "src\Contracts\Contracts.csproj", "{F5943ACD-5677-493A-8B84-F53E8222A0C8}"
EndProject
Project("{FAE04EC0-301F-11D3-BF4B-00C04F79EFBC}") = "IdentityService", "src\IdentityService\IdentityService.csproj", "{AF735D06-B603-4D43-9DC5-489605515144}"
EndProject
Project("{FAE04EC0-301F-11D3-BF4B-00C04F79EFBC}") = "GatewayService", "src\GatewayService\GatewayService.csproj", "{C1429F07-373C-438E-A3D9-0653358C4234}"
EndProject
Global
	GlobalSection(SolutionConfigurationPlatforms) = preSolution
		Debug|Any CPU = Debug|Any CPU
		Release|Any CPU = Release|Any CPU
	EndGlobalSection
	GlobalSection(SolutionProperties) = preSolution
		HideSolutionNode = FALSE
	EndGlobalSection
	GlobalSection(ProjectConfigurationPlatforms) = postSolution
		{91875F4A-B0CF-4EA3-BB71-76F3E7E0F316}.Debug|Any CPU.ActiveCfg = Debug|Any CPU
		{91875F4A-B0CF-4EA3-BB71-76F3E7E0F316}.Debug|Any CPU.Build.0 = Debug|Any CPU
		{91875F4A-B0CF-4EA3-BB71-76F3E7E0F316}.Release|Any CPU.ActiveCfg = Release|Any CPU
		{91875F4A-B0CF-4EA3-BB71-76F3E7E0F316}.Release|Any CPU.Build.0 = Release|Any CPU
		{6BD88416-8522-4E56-BCC4-32930DBC2BA3}.Debug|Any CPU.ActiveCfg = Debug|Any CPU
		{6BD88416-8522-4E56-BCC4-32930DBC2BA3}.Debug|Any CPU.Build.0 = Debug|Any CPU
		{6BD88416-8522-4E56-BCC4-32930DBC2BA3}.Release|Any CPU.ActiveCfg = Release|Any CPU
		{6BD88416-8522-4E56-BCC4-32930DBC2BA3}.Release|Any CPU.Build.0 = Release|Any CPU
		{F5943ACD-5677-493A-8B84-F53E8222A0C8}.Debug|Any CPU.ActiveCfg = Debug|Any CPU
		{F5943ACD-5677-493A-8B84-F53E8222A0C8}.Debug|Any CPU.Build.0 = Debug|Any CPU
		{F5943ACD-5677-493A-8B84-F53E8222A0C8}.Release|Any CPU.ActiveCfg = Release|Any CPU
		{F5943ACD-5677-493A-8B84-F53E8222A0C8}.Release|Any CPU.Build.0 = Release|Any CPU
		{AF735D06-B603-4D43-9DC5-489605515144}.Debug|Any CPU.ActiveCfg = Debug|Any CPU
		{AF735D06-B603-4D43-9DC5-489605515144}.Debug|Any CPU.Build.0 = Debug|Any CPU
		{AF735D06-B603-4D43-9DC5-489605515144}.Release|Any CPU.ActiveCfg = Release|Any CPU
		{AF735D06-B603-4D43-9DC5-489605515144}.Release|Any CPU.Build.0 = Release|Any CPU
		{C1429F07-373C-438E-A3D9-0653358C4234}.Debug|Any CPU.ActiveCfg = Debug|Any CPU
		{C1429F07-373C-438E-A3D9-0653358C4234}.Debug|Any CPU.Build.0 = Debug|Any CPU
		{C1429F07-373C-438E-A3D9-0653358C4234}.Release|Any CPU.ActiveCfg = Release|Any CPU
		{C1429F07-373C-438E-A3D9-0653358C4234}.Release|Any CPU.Build.0 = Release|Any CPU
	EndGlobalSection
	GlobalSection(NestedProjects) = preSolution
		{91875F4A-B0CF-4EA3-BB71-76F3E7E0F316} = {032D0E14-69F4-478C-ABCA-52CC8EFA9783}
		{6BD88416-8522-4E56-BCC4-32930DBC2BA3} = {032D0E14-69F4-478C-ABCA-52CC8EFA9783}
		{F5943ACD-5677-493A-8B84-F53E8222A0C8} = {032D0E14-69F4-478C-ABCA-52CC8EFA9783}
		{AF735D06-B603-4D43-9DC5-489605515144} = {032D0E14-69F4-478C-ABCA-52CC8EFA9783}
		{C1429F07-373C-438E-A3D9-0653358C4234} = {032D0E14-69F4-478C-ABCA-52CC8EFA9783}
	EndGlobalSection
EndGlobal
